
Microsoft Visual Studio Solution File, Format Version 11.00
# Visual Studio 2010
Project("{FAE04EC0-301F-11D3-BF4B-00C04F79EFBC}") = "UnityEngine.UI", "UnityEngine.UI.csproj", "{8dc910ae-b037-ae8e-e105-e2055c30864a}"
EndProject
Project("{FAE04EC0-301F-11D3-BF4B-00C04F79EFBC}") = "UnityEngine.TestRunner", "UnityEngine.TestRunner.csproj", "{ed081720-f54d-98e8-4fa0-58cd546a7e38}"
EndProject
Project("{FAE04EC0-301F-11D3-BF4B-00C04F79EFBC}") = "AltUnityDriver", "AltUnityDriver.csproj", "{260ce62e-5867-01b5-e3f7-76a825f8f255}"
EndProject
Project("{FAE04EC0-301F-11D3-BF4B-00C04F79EFBC}") = "Unity.InputSystem", "Unity.InputSystem.csproj", "{986d0763-2bd1-3e52-19fc-3d2c2a05df3f}"
EndProject
Project("{FAE04EC0-301F-11D3-BF4B-00C04F79EFBC}") = "AltUnityTester", "AltUnityTester.csproj", "{1e7ecbdf-77d8-60f4-7380-46b3710a1fd0}"
EndProject
Project("{FAE04EC0-301F-11D3-BF4B-00C04F79EFBC}") = "Unity.Timeline", "Unity.Timeline.csproj", "{508f67ad-ba27-ca64-23a8-b8010d500db5}"
EndProject
Project("{FAE04EC0-301F-11D3-BF4B-00C04F79EFBC}") = "Unity.TextMeshPro", "Unity.TextMeshPro.csproj", "{2d386918-8bce-0ac5-83e4-9a99019972b2}"
EndProject
Project("{FAE04EC0-301F-11D3-BF4B-00C04F79EFBC}") = "Assembly-CSharp", "Assembly-CSharp.csproj", "{26dbea74-101b-3ee9-f758-3b56151ca51f}"
EndProject
Project("{FAE04EC0-301F-11D3-BF4B-00C04F79EFBC}") = "Unity.InputSystem.IntegrationTests", "Unity.InputSystem.IntegrationTests.csproj", "{565770bd-50f9-c8db-fab3-4054fa1c6589}"
EndProject
Project("{FAE04EC0-301F-11D3-BF4B-00C04F79EFBC}") = "Unity.InputSystem.TestFramework", "Unity.InputSystem.TestFramework.csproj", "{420d91f5-f72f-3d46-10c4-ae42b302b06f}"
EndProject
Project("{FAE04EC0-301F-11D3-BF4B-00C04F79EFBC}") = "Unity.RenderPipelines.Core.Runtime", "Unity.RenderPipelines.Core.Runtime.csproj", "{4c437e9a-13a1-8c92-1223-5b956fadfd20}"
EndProject
Project("{FAE04EC0-301F-11D3-BF4B-00C04F79EFBC}") = "Unity.RenderPipelines.Universal.Runtime", "Unity.RenderPipelines.Universal.Runtime.csproj", "{b3f6a5c8-201c-6c4e-b410-5e592c9879d7}"
EndProject
Project("{FAE04EC0-301F-11D3-BF4B-00C04F79EFBC}") = "Unity.Mathematics", "Unity.Mathematics.csproj", "{0b3c588d-c836-3985-7067-5a3e7e97e2d9}"
EndProject
Project("{FAE04EC0-301F-11D3-BF4B-00C04F79EFBC}") = "Unity.RenderPipelines.Core.ShaderLibrary", "Unity.RenderPipelines.Core.ShaderLibrary.csproj", "{6ca9018f-fbf4-d0dd-76e4-92b873ce053b}"
EndProject
Project("{FAE04EC0-301F-11D3-BF4B-00C04F79EFBC}") = "Unity.RenderPipelines.Universal.Shaders", "Unity.RenderPipelines.Universal.Shaders.csproj", "{1558ec1c-882e-3062-2aea-483d580d67b2}"
EndProject
Project("{FAE04EC0-301F-11D3-BF4B-00C04F79EFBC}") = "Unity.RenderPipelines.ShaderGraph.ShaderGraphLibrary", "Unity.RenderPipelines.ShaderGraph.ShaderGraphLibrary.csproj", "{a1035fcc-f41e-235a-1cb7-487a3ece9ce1}"
EndProject
Project("{FAE04EC0-301F-11D3-BF4B-00C04F79EFBC}") = "Unity.RenderPipeline.Universal.ShaderLibrary", "Unity.RenderPipeline.Universal.ShaderLibrary.csproj", "{cacccfdc-4d33-58e1-c32a-6148d68fdfdf}"
EndProject
Project("{FAE04EC0-301F-11D3-BF4B-00C04F79EFBC}") = "UnityEditor.TestRunner", "UnityEditor.TestRunner.csproj", "{3952fa71-ed98-1de4-4ae2-0d1ac1498924}"
EndProject
Project("{FAE04EC0-301F-11D3-BF4B-00C04F79EFBC}") = "Unity.PlasticSCM.Editor", "Unity.PlasticSCM.Editor.csproj", "{fc018cbb-57dc-2f17-693c-232f2230ee3c}"
EndProject
Project("{FAE04EC0-301F-11D3-BF4B-00C04F79EFBC}") = "UnityEditor.UI", "UnityEditor.UI.csproj", "{71db4ae8-1d90-8315-64ed-8df763484de4}"
EndProject
Project("{FAE04EC0-301F-11D3-BF4B-00C04F79EFBC}") = "Unity.Services.Core.Editor", "Unity.Services.Core.Editor.csproj", "{560e5f1a-4296-8098-3883-1484d96bb823}"
EndProject
Project("{FAE04EC0-301F-11D3-BF4B-00C04F79EFBC}") = "Unity.Timeline.Editor", "Unity.Timeline.Editor.csproj", "{1a629738-883c-3de5-6926-0eaf5e1bd488}"
EndProject
Project("{FAE04EC0-301F-11D3-BF4B-00C04F79EFBC}") = "Unity.VisualStudio.Editor", "Unity.VisualStudio.Editor.csproj", "{a9953664-d66b-c9ad-d421-80e1632a47b6}"
EndProject
Project("{FAE04EC0-301F-11D3-BF4B-00C04F79EFBC}") = "AltUnityTesterEditor", "AltUnityTesterEditor.csproj", "{b293c94b-cbb4-30ee-80cb-79eb361e5c20}"
EndProject
Project("{FAE04EC0-301F-11D3-BF4B-00C04F79EFBC}") = "Unity.TextMeshPro.Editor", "Unity.TextMeshPro.Editor.csproj", "{4a715966-b0bf-460a-078c-2f54e9727137}"
EndProject
Project("{FAE04EC0-301F-11D3-BF4B-00C04F79EFBC}") = "Unity.CollabProxy.Editor", "Unity.CollabProxy.Editor.csproj", "{3300715b-78ed-2ff9-935c-abae5f04ac5f}"
EndProject
Project("{FAE04EC0-301F-11D3-BF4B-00C04F79EFBC}") = "Unity.Rider.Editor", "Unity.Rider.Editor.csproj", "{730a4718-30c4-77e6-16db-25448103d138}"
EndProject
Project("{FAE04EC0-301F-11D3-BF4B-00C04F79EFBC}") = "Unity.VSCode.Editor", "Unity.VSCode.Editor.csproj", "{925b4e32-6b27-c704-9930-21c80763c3c9}"
EndProject
Project("{FAE04EC0-301F-11D3-BF4B-00C04F79EFBC}") = "Unity.EditorCoroutines.Editor", "Unity.EditorCoroutines.Editor.csproj", "{3268192c-7ee5-d0f1-2226-da55e549278b}"
EndProject
Project("{FAE04EC0-301F-11D3-BF4B-00C04F79EFBC}") = "Assembly-CSharp-Editor", "Assembly-CSharp-Editor.csproj", "{65e80c5d-d4ef-5d5c-f83c-bd79872f6ce4}"
EndProject
Project("{FAE04EC0-301F-11D3-BF4B-00C04F79EFBC}") = "Unity.ShaderGraph.Editor", "Unity.ShaderGraph.Editor.csproj", "{1e790213-fc22-6ae5-7d27-6051a25b1e1a}"
EndProject
Project("{FAE04EC0-301F-11D3-BF4B-00C04F79EFBC}") = "Unity.RenderPipelines.Core.Editor", "Unity.RenderPipelines.Core.Editor.csproj", "{fa53a459-14d9-2179-5093-a1edb0d800ed}"
EndProject
Project("{FAE04EC0-301F-11D3-BF4B-00C04F79EFBC}") = "Unity.ShaderGraph.Utilities", "Unity.ShaderGraph.Utilities.csproj", "{0f86ba62-74d3-6a42-94f6-aca584777512}"
EndProject
Project("{FAE04EC0-301F-11D3-BF4B-00C04F79EFBC}") = "Unity.RenderPipelines.Universal.Editor", "Unity.RenderPipelines.Universal.Editor.csproj", "{617578a1-ab65-446d-015f-498fe57eda64}"
EndProject
Project("{FAE04EC0-301F-11D3-BF4B-00C04F79EFBC}") = "Unity.Searcher.Editor", "Unity.Searcher.Editor.csproj", "{dd1148a2-af7b-9c9b-bf25-e3d6421caa2c}"
EndProject
Project("{FAE04EC0-301F-11D3-BF4B-00C04F79EFBC}") = "Unity.Mathematics.Editor", "Unity.Mathematics.Editor.csproj", "{f01ca542-5d1b-34af-dce9-d11e5b15801e}"
EndProject
Global
	GlobalSection(SolutionConfigurationPlatforms) = preSolution
		Debug|Any CPU = Debug|Any CPU
	EndGlobalSection
	GlobalSection(ProjectConfigurationPlatforms) = postSolution
		{8dc910ae-b037-ae8e-e105-e2055c30864a}.Debug|Any CPU.ActiveCfg = Debug|Any CPU
		{8dc910ae-b037-ae8e-e105-e2055c30864a}.Debug|Any CPU.Build.0 = Debug|Any CPU
		{ed081720-f54d-98e8-4fa0-58cd546a7e38}.Debug|Any CPU.ActiveCfg = Debug|Any CPU
		{ed081720-f54d-98e8-4fa0-58cd546a7e38}.Debug|Any CPU.Build.0 = Debug|Any CPU
		{260ce62e-5867-01b5-e3f7-76a825f8f255}.Debug|Any CPU.ActiveCfg = Debug|Any CPU
		{260ce62e-5867-01b5-e3f7-76a825f8f255}.Debug|Any CPU.Build.0 = Debug|Any CPU
		{986d0763-2bd1-3e52-19fc-3d2c2a05df3f}.Debug|Any CPU.ActiveCfg = Debug|Any CPU
		{986d0763-2bd1-3e52-19fc-3d2c2a05df3f}.Debug|Any CPU.Build.0 = Debug|Any CPU
		{1e7ecbdf-77d8-60f4-7380-46b3710a1fd0}.Debug|Any CPU.ActiveCfg = Debug|Any CPU
		{1e7ecbdf-77d8-60f4-7380-46b3710a1fd0}.Debug|Any CPU.Build.0 = Debug|Any CPU
		{508f67ad-ba27-ca64-23a8-b8010d500db5}.Debug|Any CPU.ActiveCfg = Debug|Any CPU
		{508f67ad-ba27-ca64-23a8-b8010d500db5}.Debug|Any CPU.Build.0 = Debug|Any CPU
		{2d386918-8bce-0ac5-83e4-9a99019972b2}.Debug|Any CPU.ActiveCfg = Debug|Any CPU
		{2d386918-8bce-0ac5-83e4-9a99019972b2}.Debug|Any CPU.Build.0 = Debug|Any CPU
		{26dbea74-101b-3ee9-f758-3b56151ca51f}.Debug|Any CPU.ActiveCfg = Debug|Any CPU
		{26dbea74-101b-3ee9-f758-3b56151ca51f}.Debug|Any CPU.Build.0 = Debug|Any CPU
		{565770bd-50f9-c8db-fab3-4054fa1c6589}.Debug|Any CPU.ActiveCfg = Debug|Any CPU
		{565770bd-50f9-c8db-fab3-4054fa1c6589}.Debug|Any CPU.Build.0 = Debug|Any CPU
		{420d91f5-f72f-3d46-10c4-ae42b302b06f}.Debug|Any CPU.ActiveCfg = Debug|Any CPU
		{420d91f5-f72f-3d46-10c4-ae42b302b06f}.Debug|Any CPU.Build.0 = Debug|Any CPU
		{4c437e9a-13a1-8c92-1223-5b956fadfd20}.Debug|Any CPU.ActiveCfg = Debug|Any CPU
		{4c437e9a-13a1-8c92-1223-5b956fadfd20}.Debug|Any CPU.Build.0 = Debug|Any CPU
		{b3f6a5c8-201c-6c4e-b410-5e592c9879d7}.Debug|Any CPU.ActiveCfg = Debug|Any CPU
		{b3f6a5c8-201c-6c4e-b410-5e592c9879d7}.Debug|Any CPU.Build.0 = Debug|Any CPU
		{0b3c588d-c836-3985-7067-5a3e7e97e2d9}.Debug|Any CPU.ActiveCfg = Debug|Any CPU
		{0b3c588d-c836-3985-7067-5a3e7e97e2d9}.Debug|Any CPU.Build.0 = Debug|Any CPU
		{6ca9018f-fbf4-d0dd-76e4-92b873ce053b}.Debug|Any CPU.ActiveCfg = Debug|Any CPU
		{6ca9018f-fbf4-d0dd-76e4-92b873ce053b}.Debug|Any CPU.Build.0 = Debug|Any CPU
		{1558ec1c-882e-3062-2aea-483d580d67b2}.Debug|Any CPU.ActiveCfg = Debug|Any CPU
		{1558ec1c-882e-3062-2aea-483d580d67b2}.Debug|Any CPU.Build.0 = Debug|Any CPU
		{a1035fcc-f41e-235a-1cb7-487a3ece9ce1}.Debug|Any CPU.ActiveCfg = Debug|Any CPU
		{a1035fcc-f41e-235a-1cb7-487a3ece9ce1}.Debug|Any CPU.Build.0 = Debug|Any CPU
		{cacccfdc-4d33-58e1-c32a-6148d68fdfdf}.Debug|Any CPU.ActiveCfg = Debug|Any CPU
		{cacccfdc-4d33-58e1-c32a-6148d68fdfdf}.Debug|Any CPU.Build.0 = Debug|Any CPU
		{3952fa71-ed98-1de4-4ae2-0d1ac1498924}.Debug|Any CPU.ActiveCfg = Debug|Any CPU
		{3952fa71-ed98-1de4-4ae2-0d1ac1498924}.Debug|Any CPU.Build.0 = Debug|Any CPU
		{fc018cbb-57dc-2f17-693c-232f2230ee3c}.Debug|Any CPU.ActiveCfg = Debug|Any CPU
		{fc018cbb-57dc-2f17-693c-232f2230ee3c}.Debug|Any CPU.Build.0 = Debug|Any CPU
		{71db4ae8-1d90-8315-64ed-8df763484de4}.Debug|Any CPU.ActiveCfg = Debug|Any CPU
		{71db4ae8-1d90-8315-64ed-8df763484de4}.Debug|Any CPU.Build.0 = Debug|Any CPU
		{560e5f1a-4296-8098-3883-1484d96bb823}.Debug|Any CPU.ActiveCfg = Debug|Any CPU
		{560e5f1a-4296-8098-3883-1484d96bb823}.Debug|Any CPU.Build.0 = Debug|Any CPU
		{1a629738-883c-3de5-6926-0eaf5e1bd488}.Debug|Any CPU.ActiveCfg = Debug|Any CPU
		{1a629738-883c-3de5-6926-0eaf5e1bd488}.Debug|Any CPU.Build.0 = Debug|Any CPU
		{a9953664-d66b-c9ad-d421-80e1632a47b6}.Debug|Any CPU.ActiveCfg = Debug|Any CPU
		{a9953664-d66b-c9ad-d421-80e1632a47b6}.Debug|Any CPU.Build.0 = Debug|Any CPU
		{b293c94b-cbb4-30ee-80cb-79eb361e5c20}.Debug|Any CPU.ActiveCfg = Debug|Any CPU
		{b293c94b-cbb4-30ee-80cb-79eb361e5c20}.Debug|Any CPU.Build.0 = Debug|Any CPU
		{4a715966-b0bf-460a-078c-2f54e9727137}.Debug|Any CPU.ActiveCfg = Debug|Any CPU
		{4a715966-b0bf-460a-078c-2f54e9727137}.Debug|Any CPU.Build.0 = Debug|Any CPU
		{3300715b-78ed-2ff9-935c-abae5f04ac5f}.Debug|Any CPU.ActiveCfg = Debug|Any CPU
		{3300715b-78ed-2ff9-935c-abae5f04ac5f}.Debug|Any CPU.Build.0 = Debug|Any CPU
		{730a4718-30c4-77e6-16db-25448103d138}.Debug|Any CPU.ActiveCfg = Debug|Any CPU
		{730a4718-30c4-77e6-16db-25448103d138}.Debug|Any CPU.Build.0 = Debug|Any CPU
		{925b4e32-6b27-c704-9930-21c80763c3c9}.Debug|Any CPU.ActiveCfg = Debug|Any CPU
		{925b4e32-6b27-c704-9930-21c80763c3c9}.Debug|Any CPU.Build.0 = Debug|Any CPU
		{3268192c-7ee5-d0f1-2226-da55e549278b}.Debug|Any CPU.ActiveCfg = Debug|Any CPU
		{3268192c-7ee5-d0f1-2226-da55e549278b}.Debug|Any CPU.Build.0 = Debug|Any CPU
		{65e80c5d-d4ef-5d5c-f83c-bd79872f6ce4}.Debug|Any CPU.ActiveCfg = Debug|Any CPU
		{65e80c5d-d4ef-5d5c-f83c-bd79872f6ce4}.Debug|Any CPU.Build.0 = Debug|Any CPU
		{1e790213-fc22-6ae5-7d27-6051a25b1e1a}.Debug|Any CPU.ActiveCfg = Debug|Any CPU
		{1e790213-fc22-6ae5-7d27-6051a25b1e1a}.Debug|Any CPU.Build.0 = Debug|Any CPU
		{fa53a459-14d9-2179-5093-a1edb0d800ed}.Debug|Any CPU.ActiveCfg = Debug|Any CPU
		{fa53a459-14d9-2179-5093-a1edb0d800ed}.Debug|Any CPU.Build.0 = Debug|Any CPU
		{0f86ba62-74d3-6a42-94f6-aca584777512}.Debug|Any CPU.ActiveCfg = Debug|Any CPU
		{0f86ba62-74d3-6a42-94f6-aca584777512}.Debug|Any CPU.Build.0 = Debug|Any CPU
		{617578a1-ab65-446d-015f-498fe57eda64}.Debug|Any CPU.ActiveCfg = Debug|Any CPU
		{617578a1-ab65-446d-015f-498fe57eda64}.Debug|Any CPU.Build.0 = Debug|Any CPU
		{dd1148a2-af7b-9c9b-bf25-e3d6421caa2c}.Debug|Any CPU.ActiveCfg = Debug|Any CPU
		{dd1148a2-af7b-9c9b-bf25-e3d6421caa2c}.Debug|Any CPU.Build.0 = Debug|Any CPU
		{f01ca542-5d1b-34af-dce9-d11e5b15801e}.Debug|Any CPU.ActiveCfg = Debug|Any CPU
		{f01ca542-5d1b-34af-dce9-d11e5b15801e}.Debug|Any CPU.Build.0 = Debug|Any CPU
	EndGlobalSection
	GlobalSection(SolutionProperties) = preSolution
		HideSolutionNode = FALSE
	EndGlobalSection
EndGlobal
