
Microsoft Visual Studio Solution File, Format Version 11.00
# Visual Studio 2010
Project("{FAE04EC0-301F-11D3-BF4B-00C04F79EFBC}") = "UnityEngine.UI", "UnityEngine.UI.csproj", "{0ca5d385-98e0-c143-ace8-7988ccb4c942}"
EndProject
Project("{FAE04EC0-301F-11D3-BF4B-00C04F79EFBC}") = "Unity.RenderPipelines.Core.Runtime", "Unity.RenderPipelines.Core.Runtime.csproj", "{07d8be22-2580-64a0-c4e7-b14b03511773}"
EndProject
Project("{FAE04EC0-301F-11D3-BF4B-00C04F79EFBC}") = "UnityEngine.TestRunner", "UnityEngine.TestRunner.csproj", "{9d5ed6b5-238a-831c-28b7-1dce013bb545}"
EndProject
Project("{FAE04EC0-301F-11D3-BF4B-00C04F79EFBC}") = "AltUnityDriver", "AltUnityDriver.csproj", "{df8d8193-0965-3cc7-1d93-2937feba580b}"
EndProject
Project("{FAE04EC0-301F-11D3-BF4B-00C04F79EFBC}") = "Unity.Mathematics", "Unity.Mathematics.csproj", "{f1ee69ee-f58a-8589-4a28-ed192bdbc0b9}"
EndProject
Project("{FAE04EC0-301F-11D3-BF4B-00C04F79EFBC}") = "Unity.InputSystem", "Unity.InputSystem.csproj", "{2cd7dace-dafd-3696-b6bc-c2d35ffb1600}"
EndProject
Project("{FAE04EC0-301F-11D3-BF4B-00C04F79EFBC}") = "AltUnityTester", "AltUnityTester.csproj", "{d4883a77-9f5b-e618-0b3c-4311aefd9d02}"
EndProject
Project("{FAE04EC0-301F-11D3-BF4B-00C04F79EFBC}") = "Unity.RenderPipelines.Universal.Runtime", "Unity.RenderPipelines.Universal.Runtime.csproj", "{aa99840b-0557-39f6-f9a0-91189291c90f}"
EndProject
Project("{FAE04EC0-301F-11D3-BF4B-00C04F79EFBC}") = "Unity.TextMeshPro", "Unity.TextMeshPro.csproj", "{7c1d9f2d-002f-b8e4-364f-d5f8d136fbeb}"
EndProject
Project("{FAE04EC0-301F-11D3-BF4B-00C04F79EFBC}") = "Unity.Timeline", "Unity.Timeline.csproj", "{99ac4bbd-eabb-eb9d-c462-834fd3f5449f}"
EndProject
Project("{FAE04EC0-301F-11D3-BF4B-00C04F79EFBC}") = "Unity.InputSystem.IntegrationTests", "Unity.InputSystem.IntegrationTests.csproj", "{e79898b5-4c32-29e2-4abe-9cfdf626b75c}"
EndProject
Project("{FAE04EC0-301F-11D3-BF4B-00C04F79EFBC}") = "Assembly-CSharp", "Assembly-CSharp.csproj", "{c31bc97e-4941-0ce6-78e2-62e43acbdc4d}"
EndProject
Project("{FAE04EC0-301F-11D3-BF4B-00C04F79EFBC}") = "Unity.InputSystem.TestFramework", "Unity.InputSystem.TestFramework.csproj", "{cb3acad3-4994-5940-f9d8-afa7e227d357}"
EndProject
Project("{FAE04EC0-301F-11D3-BF4B-00C04F79EFBC}") = "Unity.RenderPipelines.Core.ShaderLibrary", "Unity.RenderPipelines.Core.ShaderLibrary.csproj", "{38fe2d9b-4ec9-5f55-778f-a48534e9cc8d}"
EndProject
Project("{FAE04EC0-301F-11D3-BF4B-00C04F79EFBC}") = "Unity.RenderPipeline.Universal.ShaderLibrary", "Unity.RenderPipeline.Universal.ShaderLibrary.csproj", "{332521d0-0e8e-d09d-66b1-2483c8a0a8b3}"
EndProject
Project("{FAE04EC0-301F-11D3-BF4B-00C04F79EFBC}") = "Unity.RenderPipelines.Universal.Shaders", "Unity.RenderPipelines.Universal.Shaders.csproj", "{222dea05-b7f1-5120-713e-d861775a6b84}"
EndProject
Project("{FAE04EC0-301F-11D3-BF4B-00C04F79EFBC}") = "Unity.RenderPipelines.ShaderGraph.ShaderGraphLibrary", "Unity.RenderPipelines.ShaderGraph.ShaderGraphLibrary.csproj", "{e937a61b-6dd6-ca4a-b422-e60ecdf6ae0e}"
EndProject
Project("{FAE04EC0-301F-11D3-BF4B-00C04F79EFBC}") = "Unity.PlasticSCM.Editor", "Unity.PlasticSCM.Editor.csproj", "{64ac3312-b5d4-2797-01d2-7ef1bcc49094}"
EndProject
Project("{FAE04EC0-301F-11D3-BF4B-00C04F79EFBC}") = "Unity.ShaderGraph.Editor", "Unity.ShaderGraph.Editor.csproj", "{51879619-1818-bf26-7931-f15afcb8f3b2}"
EndProject
Project("{FAE04EC0-301F-11D3-BF4B-00C04F79EFBC}") = "Unity.VisualStudio.Editor", "Unity.VisualStudio.Editor.csproj", "{ce4e6c5c-c567-4989-f0ee-7d3c99a3e2fa}"
EndProject
Project("{FAE04EC0-301F-11D3-BF4B-00C04F79EFBC}") = "Unity.Timeline.Editor", "Unity.Timeline.Editor.csproj", "{0b81ee6f-18f2-d94d-b452-9c9d0c2387b0}"
EndProject
Project("{FAE04EC0-301F-11D3-BF4B-00C04F79EFBC}") = "Unity.TextMeshPro.Editor", "Unity.TextMeshPro.Editor.csproj", "{431a961f-7276-8654-709f-760d16922823}"
EndProject
Project("{FAE04EC0-301F-11D3-BF4B-00C04F79EFBC}") = "Unity.CollabProxy.Editor", "Unity.CollabProxy.Editor.csproj", "{4b6e3ced-e409-a3e7-2a2c-02da3db02ca7}"
EndProject
Project("{FAE04EC0-301F-11D3-BF4B-00C04F79EFBC}") = "UnityEditor.TestRunner", "UnityEditor.TestRunner.csproj", "{9792021f-d465-fc80-9cbe-f5b1e571f9fd}"
EndProject
Project("{FAE04EC0-301F-11D3-BF4B-00C04F79EFBC}") = "Unity.Rider.Editor", "Unity.Rider.Editor.csproj", "{c4805efa-570c-cffb-f54a-0f7671925d2c}"
EndProject
Project("{FAE04EC0-301F-11D3-BF4B-00C04F79EFBC}") = "Unity.RenderPipelines.Universal.Editor", "Unity.RenderPipelines.Universal.Editor.csproj", "{2166f465-39b8-a8c3-996a-81baa5d95af1}"
EndProject
Project("{FAE04EC0-301F-11D3-BF4B-00C04F79EFBC}") = "Unity.Services.Core.Editor", "Unity.Services.Core.Editor.csproj", "{29882fae-850a-f50a-45d8-95e5ce3bd349}"
EndProject
Project("{FAE04EC0-301F-11D3-BF4B-00C04F79EFBC}") = "Unity.RenderPipelines.Core.Editor", "Unity.RenderPipelines.Core.Editor.csproj", "{617366bc-b30e-d48d-6061-ac06c3759ffa}"
EndProject
Project("{FAE04EC0-301F-11D3-BF4B-00C04F79EFBC}") = "Unity.Searcher.Editor", "Unity.Searcher.Editor.csproj", "{e99831a5-5df0-cb38-c818-20e6e27c470f}"
EndProject
Project("{FAE04EC0-301F-11D3-BF4B-00C04F79EFBC}") = "Unity.VSCode.Editor", "Unity.VSCode.Editor.csproj", "{9302636c-f6b7-3710-0f5d-d2cc9225d489}"
EndProject
Project("{FAE04EC0-301F-11D3-BF4B-00C04F79EFBC}") = "UnityEditor.UI", "UnityEditor.UI.csproj", "{d7c08d85-4742-7dd6-220f-4a30830779ff}"
EndProject
Project("{FAE04EC0-301F-11D3-BF4B-00C04F79EFBC}") = "Unity.EditorCoroutines.Editor", "Unity.EditorCoroutines.Editor.csproj", "{baaca50e-6f20-d405-c323-75c0e1a4f281}"
EndProject
Project("{FAE04EC0-301F-11D3-BF4B-00C04F79EFBC}") = "Unity.Mathematics.Editor", "Unity.Mathematics.Editor.csproj", "{c64a930a-9299-9a6b-7b41-c51c930ad8b2}"
EndProject
Project("{FAE04EC0-301F-11D3-BF4B-00C04F79EFBC}") = "Assembly-CSharp-Editor", "Assembly-CSharp-Editor.csproj", "{3596ad83-060f-8256-4177-835f24f6b753}"
EndProject
Project("{FAE04EC0-301F-11D3-BF4B-00C04F79EFBC}") = "Unity.ShaderGraph.Utilities", "Unity.ShaderGraph.Utilities.csproj", "{3366b3e1-ec52-d0f7-da2a-483f012e87f5}"
EndProject
Project("{FAE04EC0-301F-11D3-BF4B-00C04F79EFBC}") = "AltUnityTesterEditor", "AltUnityTesterEditor.csproj", "{d0a7a25b-90c4-7fbb-3fd8-7982dc8587cc}"
EndProject
Global
	GlobalSection(SolutionConfigurationPlatforms) = preSolution
		Debug|Any CPU = Debug|Any CPU
	EndGlobalSection
	GlobalSection(ProjectConfigurationPlatforms) = postSolution
		{0ca5d385-98e0-c143-ace8-7988ccb4c942}.Debug|Any CPU.ActiveCfg = Debug|Any CPU
		{0ca5d385-98e0-c143-ace8-7988ccb4c942}.Debug|Any CPU.Build.0 = Debug|Any CPU
		{07d8be22-2580-64a0-c4e7-b14b03511773}.Debug|Any CPU.ActiveCfg = Debug|Any CPU
		{07d8be22-2580-64a0-c4e7-b14b03511773}.Debug|Any CPU.Build.0 = Debug|Any CPU
		{9d5ed6b5-238a-831c-28b7-1dce013bb545}.Debug|Any CPU.ActiveCfg = Debug|Any CPU
		{9d5ed6b5-238a-831c-28b7-1dce013bb545}.Debug|Any CPU.Build.0 = Debug|Any CPU
		{df8d8193-0965-3cc7-1d93-2937feba580b}.Debug|Any CPU.ActiveCfg = Debug|Any CPU
		{df8d8193-0965-3cc7-1d93-2937feba580b}.Debug|Any CPU.Build.0 = Debug|Any CPU
		{f1ee69ee-f58a-8589-4a28-ed192bdbc0b9}.Debug|Any CPU.ActiveCfg = Debug|Any CPU
		{f1ee69ee-f58a-8589-4a28-ed192bdbc0b9}.Debug|Any CPU.Build.0 = Debug|Any CPU
		{2cd7dace-dafd-3696-b6bc-c2d35ffb1600}.Debug|Any CPU.ActiveCfg = Debug|Any CPU
		{2cd7dace-dafd-3696-b6bc-c2d35ffb1600}.Debug|Any CPU.Build.0 = Debug|Any CPU
		{d4883a77-9f5b-e618-0b3c-4311aefd9d02}.Debug|Any CPU.ActiveCfg = Debug|Any CPU
		{d4883a77-9f5b-e618-0b3c-4311aefd9d02}.Debug|Any CPU.Build.0 = Debug|Any CPU
		{aa99840b-0557-39f6-f9a0-91189291c90f}.Debug|Any CPU.ActiveCfg = Debug|Any CPU
		{aa99840b-0557-39f6-f9a0-91189291c90f}.Debug|Any CPU.Build.0 = Debug|Any CPU
		{7c1d9f2d-002f-b8e4-364f-d5f8d136fbeb}.Debug|Any CPU.ActiveCfg = Debug|Any CPU
		{7c1d9f2d-002f-b8e4-364f-d5f8d136fbeb}.Debug|Any CPU.Build.0 = Debug|Any CPU
		{99ac4bbd-eabb-eb9d-c462-834fd3f5449f}.Debug|Any CPU.ActiveCfg = Debug|Any CPU
		{99ac4bbd-eabb-eb9d-c462-834fd3f5449f}.Debug|Any CPU.Build.0 = Debug|Any CPU
		{e79898b5-4c32-29e2-4abe-9cfdf626b75c}.Debug|Any CPU.ActiveCfg = Debug|Any CPU
		{e79898b5-4c32-29e2-4abe-9cfdf626b75c}.Debug|Any CPU.Build.0 = Debug|Any CPU
		{c31bc97e-4941-0ce6-78e2-62e43acbdc4d}.Debug|Any CPU.ActiveCfg = Debug|Any CPU
		{c31bc97e-4941-0ce6-78e2-62e43acbdc4d}.Debug|Any CPU.Build.0 = Debug|Any CPU
		{cb3acad3-4994-5940-f9d8-afa7e227d357}.Debug|Any CPU.ActiveCfg = Debug|Any CPU
		{cb3acad3-4994-5940-f9d8-afa7e227d357}.Debug|Any CPU.Build.0 = Debug|Any CPU
		{38fe2d9b-4ec9-5f55-778f-a48534e9cc8d}.Debug|Any CPU.ActiveCfg = Debug|Any CPU
		{38fe2d9b-4ec9-5f55-778f-a48534e9cc8d}.Debug|Any CPU.Build.0 = Debug|Any CPU
		{332521d0-0e8e-d09d-66b1-2483c8a0a8b3}.Debug|Any CPU.ActiveCfg = Debug|Any CPU
		{332521d0-0e8e-d09d-66b1-2483c8a0a8b3}.Debug|Any CPU.Build.0 = Debug|Any CPU
		{222dea05-b7f1-5120-713e-d861775a6b84}.Debug|Any CPU.ActiveCfg = Debug|Any CPU
		{222dea05-b7f1-5120-713e-d861775a6b84}.Debug|Any CPU.Build.0 = Debug|Any CPU
		{e937a61b-6dd6-ca4a-b422-e60ecdf6ae0e}.Debug|Any CPU.ActiveCfg = Debug|Any CPU
		{e937a61b-6dd6-ca4a-b422-e60ecdf6ae0e}.Debug|Any CPU.Build.0 = Debug|Any CPU
		{64ac3312-b5d4-2797-01d2-7ef1bcc49094}.Debug|Any CPU.ActiveCfg = Debug|Any CPU
		{64ac3312-b5d4-2797-01d2-7ef1bcc49094}.Debug|Any CPU.Build.0 = Debug|Any CPU
		{51879619-1818-bf26-7931-f15afcb8f3b2}.Debug|Any CPU.ActiveCfg = Debug|Any CPU
		{51879619-1818-bf26-7931-f15afcb8f3b2}.Debug|Any CPU.Build.0 = Debug|Any CPU
		{ce4e6c5c-c567-4989-f0ee-7d3c99a3e2fa}.Debug|Any CPU.ActiveCfg = Debug|Any CPU
		{ce4e6c5c-c567-4989-f0ee-7d3c99a3e2fa}.Debug|Any CPU.Build.0 = Debug|Any CPU
		{0b81ee6f-18f2-d94d-b452-9c9d0c2387b0}.Debug|Any CPU.ActiveCfg = Debug|Any CPU
		{0b81ee6f-18f2-d94d-b452-9c9d0c2387b0}.Debug|Any CPU.Build.0 = Debug|Any CPU
		{431a961f-7276-8654-709f-760d16922823}.Debug|Any CPU.ActiveCfg = Debug|Any CPU
		{431a961f-7276-8654-709f-760d16922823}.Debug|Any CPU.Build.0 = Debug|Any CPU
		{4b6e3ced-e409-a3e7-2a2c-02da3db02ca7}.Debug|Any CPU.ActiveCfg = Debug|Any CPU
		{4b6e3ced-e409-a3e7-2a2c-02da3db02ca7}.Debug|Any CPU.Build.0 = Debug|Any CPU
		{9792021f-d465-fc80-9cbe-f5b1e571f9fd}.Debug|Any CPU.ActiveCfg = Debug|Any CPU
		{9792021f-d465-fc80-9cbe-f5b1e571f9fd}.Debug|Any CPU.Build.0 = Debug|Any CPU
		{c4805efa-570c-cffb-f54a-0f7671925d2c}.Debug|Any CPU.ActiveCfg = Debug|Any CPU
		{c4805efa-570c-cffb-f54a-0f7671925d2c}.Debug|Any CPU.Build.0 = Debug|Any CPU
		{2166f465-39b8-a8c3-996a-81baa5d95af1}.Debug|Any CPU.ActiveCfg = Debug|Any CPU
		{2166f465-39b8-a8c3-996a-81baa5d95af1}.Debug|Any CPU.Build.0 = Debug|Any CPU
		{29882fae-850a-f50a-45d8-95e5ce3bd349}.Debug|Any CPU.ActiveCfg = Debug|Any CPU
		{29882fae-850a-f50a-45d8-95e5ce3bd349}.Debug|Any CPU.Build.0 = Debug|Any CPU
		{617366bc-b30e-d48d-6061-ac06c3759ffa}.Debug|Any CPU.ActiveCfg = Debug|Any CPU
		{617366bc-b30e-d48d-6061-ac06c3759ffa}.Debug|Any CPU.Build.0 = Debug|Any CPU
		{e99831a5-5df0-cb38-c818-20e6e27c470f}.Debug|Any CPU.ActiveCfg = Debug|Any CPU
		{e99831a5-5df0-cb38-c818-20e6e27c470f}.Debug|Any CPU.Build.0 = Debug|Any CPU
		{9302636c-f6b7-3710-0f5d-d2cc9225d489}.Debug|Any CPU.ActiveCfg = Debug|Any CPU
		{9302636c-f6b7-3710-0f5d-d2cc9225d489}.Debug|Any CPU.Build.0 = Debug|Any CPU
		{d7c08d85-4742-7dd6-220f-4a30830779ff}.Debug|Any CPU.ActiveCfg = Debug|Any CPU
		{d7c08d85-4742-7dd6-220f-4a30830779ff}.Debug|Any CPU.Build.0 = Debug|Any CPU
		{baaca50e-6f20-d405-c323-75c0e1a4f281}.Debug|Any CPU.ActiveCfg = Debug|Any CPU
		{baaca50e-6f20-d405-c323-75c0e1a4f281}.Debug|Any CPU.Build.0 = Debug|Any CPU
		{c64a930a-9299-9a6b-7b41-c51c930ad8b2}.Debug|Any CPU.ActiveCfg = Debug|Any CPU
		{c64a930a-9299-9a6b-7b41-c51c930ad8b2}.Debug|Any CPU.Build.0 = Debug|Any CPU
		{3596ad83-060f-8256-4177-835f24f6b753}.Debug|Any CPU.ActiveCfg = Debug|Any CPU
		{3596ad83-060f-8256-4177-835f24f6b753}.Debug|Any CPU.Build.0 = Debug|Any CPU
		{3366b3e1-ec52-d0f7-da2a-483f012e87f5}.Debug|Any CPU.ActiveCfg = Debug|Any CPU
		{3366b3e1-ec52-d0f7-da2a-483f012e87f5}.Debug|Any CPU.Build.0 = Debug|Any CPU
		{d0a7a25b-90c4-7fbb-3fd8-7982dc8587cc}.Debug|Any CPU.ActiveCfg = Debug|Any CPU
		{d0a7a25b-90c4-7fbb-3fd8-7982dc8587cc}.Debug|Any CPU.Build.0 = Debug|Any CPU
	EndGlobalSection
	GlobalSection(SolutionProperties) = preSolution
		HideSolutionNode = FALSE
	EndGlobalSection
EndGlobal
